
Microsoft Visual Studio Solution File, Format Version 12.00
# Visual Studio Version 16
VisualStudioVersion = 16.0.31112.23
MinimumVisualStudioVersion = 10.0.40219.1
Project("{FAE04EC0-301F-11D3-BF4B-00C04F79EFBC}") = "SharpeningTheSaw", "SharpeningTheSaw.csproj", "{D5C33DBB-64AF-4E8A-B29F-9110E2ED7D94}"
EndProject
Global
	GlobalSection(SolutionConfigurationPlatforms) = preSolution
		Debug|Any CPU = Debug|Any CPU
		Release|Any CPU = Release|Any CPU
	EndGlobalSection
	GlobalSection(ProjectConfigurationPlatforms) = postSolution
		{D5C33DBB-64AF-4E8A-B29F-9110E2ED7D94}.Debug|Any CPU.ActiveCfg = Debug|Any CPU
		{D5C33DBB-64AF-4E8A-B29F-9110E2ED7D94}.Debug|Any CPU.Build.0 = Debug|Any CPU
		{D5C33DBB-64AF-4E8A-B29F-9110E2ED7D94}.Release|Any CPU.ActiveCfg = Release|Any CPU
		{D5C33DBB-64AF-4E8A-B29F-9110E2ED7D94}.Release|Any CPU.Build.0 = Release|Any CPU
	EndGlobalSection
	GlobalSection(SolutionProperties) = preSolution
		HideSolutionNode = FALSE
	EndGlobalSection
	GlobalSection(ExtensibilityGlobals) = postSolution
		SolutionGuid = {59CCC6E4-5458-4119-90AC-4CA55D7AB4C3}
	EndGlobalSection
EndGlobal
